{
  "object": {
    "pins": [
      {
        "package": "PTCGCard",
        "repositoryURL": "https://github.com/evdwarf/ptcg-card",
        "state": {
          "branch": null,
          "revision": "dd4d46fcf67776b65443a10de8e52f90994f1040",
          "version": "0.0.10"
        }
      },
      {
        "package": "PTCGEnergy",
        "repositoryURL": "https://github.com/evdwarf/ptcg-energy.git",
        "state": {
          "branch": null,
          "revision": "ad752c15713ea0ad2f1bc63695ff1b3cc396657d",
          "version": "0.0.2"
        }
      },
      {
        "package": "PTCGSpecialConditions",
        "repositoryURL": "https://github.com/evdwarf/ptcg-special-conditions",
        "state": {
          "branch": null,
          "revision": "1b2ea543252ae9e1a85d34e2fe526ed3af8a8edb",
          "version": "0.0.5"
        }
      }
    ]
  },
  "version": 1
}
